{
  "nodes": {
    "nixpkgs": {
      "locked": {
        "lastModified": 1745435282,
        "narHash": "sha256-kPhnQ7mEQ+MRVAKPhmOJI9JrPYwmLr6TA4Nk1YlqpIY=",
        "path": "/Users/dwt/Code/Projekte/nix/nixpkgs",
        "type": "path"
      },
      "original": {
        "id": "nixpkgs-dev",
        "type": "indirect"
      }
    },
    "root": {
      "inputs": {
        "nixpkgs": "nixpkgs"
      }
    }
  },
  "root": "root",
  "version": 7
}
